
Microsoft Visual Studio Solution File, Format Version 12.00
# Visual Studio 15
VisualStudioVersion = 15.0.28307.779
MinimumVisualStudioVersion = 10.0.40219.1
Project("{FAE04EC0-301F-11D3-BF4B-00C04F79EFBC}") = "StoreFront.UI.MVC", "StoreFront.UI.MVC\StoreFront.UI.MVC.csproj", "{B579C104-886F-4667-8D7B-6A20C2D40035}"
EndProject
Global
	GlobalSection(SolutionConfigurationPlatforms) = preSolution
		Debug|Any CPU = Debug|Any CPU
		Release|Any CPU = Release|Any CPU
	EndGlobalSection
	GlobalSection(ProjectConfigurationPlatforms) = postSolution
		{B579C104-886F-4667-8D7B-6A20C2D40035}.Debug|Any CPU.ActiveCfg = Debug|Any CPU
		{B579C104-886F-4667-8D7B-6A20C2D40035}.Debug|Any CPU.Build.0 = Debug|Any CPU
		{B579C104-886F-4667-8D7B-6A20C2D40035}.Release|Any CPU.ActiveCfg = Release|Any CPU
		{B579C104-886F-4667-8D7B-6A20C2D40035}.Release|Any CPU.Build.0 = Release|Any CPU
	EndGlobalSection
	GlobalSection(SolutionProperties) = preSolution
		HideSolutionNode = FALSE
	EndGlobalSection
	GlobalSection(ExtensibilityGlobals) = postSolution
		SolutionGuid = {F354F969-4D1E-4675-8A71-569C8DD7685B}
	EndGlobalSection
EndGlobal
